
Microsoft Visual Studio Solution File, Format Version 12.00
# Visual Studio Version 17
VisualStudioVersion = 17.8.34322.80
MinimumVisualStudioVersion = 10.0.40219.1
Project("{FAE04EC0-301F-11D3-BF4B-00C04F79EFBC}") = "Project part A", "Project part A.csproj", "{4678851A-E18B-4861-8034-AD13E605D042}"
EndProject
Project("{FAE04EC0-301F-11D3-BF4B-00C04F79EFBC}") = "A_UnitTests", "..\A_UnitTests\A_UnitTests.csproj", "{30A21777-B299-47CA-B975-86F47B716EC7}"
EndProject
Global
	GlobalSection(SolutionConfigurationPlatforms) = preSolution
		Debug|Any CPU = Debug|Any CPU
		Release|Any CPU = Release|Any CPU
	EndGlobalSection
	GlobalSection(ProjectConfigurationPlatforms) = postSolution
		{4678851A-E18B-4861-8034-AD13E605D042}.Debug|Any CPU.ActiveCfg = Debug|Any CPU
		{4678851A-E18B-4861-8034-AD13E605D042}.Debug|Any CPU.Build.0 = Debug|Any CPU
		{4678851A-E18B-4861-8034-AD13E605D042}.Release|Any CPU.ActiveCfg = Release|Any CPU
		{4678851A-E18B-4861-8034-AD13E605D042}.Release|Any CPU.Build.0 = Release|Any CPU
		{30A21777-B299-47CA-B975-86F47B716EC7}.Debug|Any CPU.ActiveCfg = Debug|Any CPU
		{30A21777-B299-47CA-B975-86F47B716EC7}.Debug|Any CPU.Build.0 = Debug|Any CPU
		{30A21777-B299-47CA-B975-86F47B716EC7}.Release|Any CPU.ActiveCfg = Release|Any CPU
		{30A21777-B299-47CA-B975-86F47B716EC7}.Release|Any CPU.Build.0 = Release|Any CPU
	EndGlobalSection
	GlobalSection(SolutionProperties) = preSolution
		HideSolutionNode = FALSE
	EndGlobalSection
	GlobalSection(ExtensibilityGlobals) = postSolution
		SolutionGuid = {7B2BEA21-925D-49F0-A4E7-7E95C99AB110}
	EndGlobalSection
EndGlobal
